
Microsoft Visual Studio Solution File, Format Version 12.00
# Visual Studio 15
VisualStudioVersion = 15.0.28010.2046
MinimumVisualStudioVersion = 10.0.40219.1
Project("{9A19103F-16F7-4668-BE54-9A1E7A4F7556}") = "DatabaseDelivery.Flyway", "DatabaseDelivery.Flyway\DatabaseDelivery.Flyway.csproj", "{89D91BCD-F54C-4236-9BD2-5B92FA077862}"
EndProject
Global
	GlobalSection(SolutionConfigurationPlatforms) = preSolution
		Debug|Any CPU = Debug|Any CPU
		Release|Any CPU = Release|Any CPU
	EndGlobalSection
	GlobalSection(ProjectConfigurationPlatforms) = postSolution
		{89D91BCD-F54C-4236-9BD2-5B92FA077862}.Debug|Any CPU.ActiveCfg = Debug|Any CPU
		{89D91BCD-F54C-4236-9BD2-5B92FA077862}.Debug|Any CPU.Build.0 = Debug|Any CPU
		{89D91BCD-F54C-4236-9BD2-5B92FA077862}.Release|Any CPU.ActiveCfg = Release|Any CPU
		{89D91BCD-F54C-4236-9BD2-5B92FA077862}.Release|Any CPU.Build.0 = Release|Any CPU
	EndGlobalSection
	GlobalSection(SolutionProperties) = preSolution
		HideSolutionNode = FALSE
	EndGlobalSection
	GlobalSection(ExtensibilityGlobals) = postSolution
		SolutionGuid = {41682B40-4925-419D-B7D1-278A38A76C0F}
	EndGlobalSection
EndGlobal
